
Microsoft Visual Studio Solution File, Format Version 12.00
# Visual Studio Version 17
VisualStudioVersion = 17.3.32922.545
MinimumVisualStudioVersion = 10.0.40219.1
Project("{FAE04EC0-301F-11D3-BF4B-00C04F79EFBC}") = "Enhanced.Api", "Enhanced.Api\Enhanced.Api.csproj", "{735F9A62-4B54-4809-BE4D-1FDCBF8F3A16}"
EndProject
Project("{FAE04EC0-301F-11D3-BF4B-00C04F79EFBC}") = "Enhanced.Models", "Enhanced.Models\Enhanced.Models.csproj", "{5561D9BC-A04E-41CA-BB40-84AE963D2F83}"
EndProject
Project("{FAE04EC0-301F-11D3-BF4B-00C04F79EFBC}") = "Enhanced.Services", "Enhanced.Services\Enhanced.Services.csproj", "{644EE49C-896A-4431-8E41-7EDEBC4B09AD}"
EndProject
Global
	GlobalSection(SolutionConfigurationPlatforms) = preSolution
		Debug|Any CPU = Debug|Any CPU
		Release|Any CPU = Release|Any CPU
	EndGlobalSection
	GlobalSection(ProjectConfigurationPlatforms) = postSolution
		{735F9A62-4B54-4809-BE4D-1FDCBF8F3A16}.Debug|Any CPU.ActiveCfg = Debug|Any CPU
		{735F9A62-4B54-4809-BE4D-1FDCBF8F3A16}.Debug|Any CPU.Build.0 = Debug|Any CPU
		{735F9A62-4B54-4809-BE4D-1FDCBF8F3A16}.Release|Any CPU.ActiveCfg = Release|Any CPU
		{735F9A62-4B54-4809-BE4D-1FDCBF8F3A16}.Release|Any CPU.Build.0 = Release|Any CPU
		{5561D9BC-A04E-41CA-BB40-84AE963D2F83}.Debug|Any CPU.ActiveCfg = Debug|Any CPU
		{5561D9BC-A04E-41CA-BB40-84AE963D2F83}.Debug|Any CPU.Build.0 = Debug|Any CPU
		{5561D9BC-A04E-41CA-BB40-84AE963D2F83}.Release|Any CPU.ActiveCfg = Release|Any CPU
		{5561D9BC-A04E-41CA-BB40-84AE963D2F83}.Release|Any CPU.Build.0 = Release|Any CPU
		{644EE49C-896A-4431-8E41-7EDEBC4B09AD}.Debug|Any CPU.ActiveCfg = Debug|Any CPU
		{644EE49C-896A-4431-8E41-7EDEBC4B09AD}.Debug|Any CPU.Build.0 = Debug|Any CPU
		{644EE49C-896A-4431-8E41-7EDEBC4B09AD}.Release|Any CPU.ActiveCfg = Release|Any CPU
		{644EE49C-896A-4431-8E41-7EDEBC4B09AD}.Release|Any CPU.Build.0 = Release|Any CPU
	EndGlobalSection
	GlobalSection(SolutionProperties) = preSolution
		HideSolutionNode = FALSE
	EndGlobalSection
	GlobalSection(ExtensibilityGlobals) = postSolution
		SolutionGuid = {1E0F229B-08C7-4966-B674-9369837BD6C5}
	EndGlobalSection
EndGlobal
